{
  "name": "week2",
  "version": "1.0.0",
  "lockfileVersion": 2,
  "requires": true,
  "packages": {
    "": {
      "name": "week2",
      "version": "1.0.0",
      "license": "ISC",
      "dependencies": {
        "until": "^0.1.1"
      }
    },
    "node_modules/until": {
      "version": "0.1.1",
      "resolved": "https://registry.npmjs.org/until/-/until-0.1.1.tgz",
      "integrity": "sha512-WoXRtltRMS87Iwilt72d4Er3CMaQmzPCTx3B16LCXty/3Xl5VJhccyn0nSyotfh1TyH4IzoTgfZ747wXVpLhvQ=="
    }
  },
  "dependencies": {
    "until": {
      "version": "0.1.1",
      "resolved": "https://registry.npmjs.org/until/-/until-0.1.1.tgz",
      "integrity": "sha512-WoXRtltRMS87Iwilt72d4Er3CMaQmzPCTx3B16LCXty/3Xl5VJhccyn0nSyotfh1TyH4IzoTgfZ747wXVpLhvQ=="
    }
  }
}
